
Microsoft Visual Studio Solution File, Format Version 12.00
# Visual Studio Version 17
VisualStudioVersion = 17.4.33213.308
MinimumVisualStudioVersion = 10.0.40219.1
Project("{FAE04EC0-301F-11D3-BF4B-00C04F79EFBC}") = "ChatGPT", "ChatGPT.csproj", "{32D7DD3A-29E8-41F1-BAD4-11B4728D47EE}"
EndProject
Global
	GlobalSection(SolutionConfigurationPlatforms) = preSolution
		Debug|Any CPU = Debug|Any CPU
		Release|Any CPU = Release|Any CPU
	EndGlobalSection
	GlobalSection(ProjectConfigurationPlatforms) = postSolution
		{32D7DD3A-29E8-41F1-BAD4-11B4728D47EE}.Debug|Any CPU.ActiveCfg = Debug|Any CPU
		{32D7DD3A-29E8-41F1-BAD4-11B4728D47EE}.Debug|Any CPU.Build.0 = Debug|Any CPU
		{32D7DD3A-29E8-41F1-BAD4-11B4728D47EE}.Release|Any CPU.ActiveCfg = Release|Any CPU
		{32D7DD3A-29E8-41F1-BAD4-11B4728D47EE}.Release|Any CPU.Build.0 = Release|Any CPU
	EndGlobalSection
	GlobalSection(SolutionProperties) = preSolution
		HideSolutionNode = FALSE
	EndGlobalSection
	GlobalSection(ExtensibilityGlobals) = postSolution
		SolutionGuid = {FB5A5AC2-9864-4159-B09C-6D9B164947E4}
	EndGlobalSection
EndGlobal
